
Microsoft Visual Studio Solution File, Format Version 11.00
# Visual Studio 2010
Project("{FAE04EC0-301F-11D3-BF4B-00C04F79EFBC}") = "WpfSurfaceApplication1", "WpfSurfaceApplication1\WpfSurfaceApplication1.csproj", "{13B2E494-2060-42C9-8957-B1A1DEBB28C3}"
EndProject
Global
	GlobalSection(SolutionConfigurationPlatforms) = preSolution
		Debug|Any CPU = Debug|Any CPU
		Release|Any CPU = Release|Any CPU
	EndGlobalSection
	GlobalSection(ProjectConfigurationPlatforms) = postSolution
		{13B2E494-2060-42C9-8957-B1A1DEBB28C3}.Debug|Any CPU.ActiveCfg = Debug|Any CPU
		{13B2E494-2060-42C9-8957-B1A1DEBB28C3}.Debug|Any CPU.Build.0 = Debug|Any CPU
		{13B2E494-2060-42C9-8957-B1A1DEBB28C3}.Release|Any CPU.ActiveCfg = Release|Any CPU
		{13B2E494-2060-42C9-8957-B1A1DEBB28C3}.Release|Any CPU.Build.0 = Release|Any CPU
	EndGlobalSection
	GlobalSection(SolutionProperties) = preSolution
		HideSolutionNode = FALSE
	EndGlobalSection
EndGlobal
